
Microsoft Visual Studio Solution File, Format Version 12.00
# Visual Studio Version 17
VisualStudioVersion = 17.7.34024.191
MinimumVisualStudioVersion = 10.0.40219.1
Project("{8BC9CEB8-8B4A-11D0-8D11-00A0C91BC942}") = "lab 1 op 37", "lab 1 op 37\lab 1 op 37.vcxproj", "{6B44253B-D8EC-4F8D-87ED-73FEF7B31544}"
EndProject
Global
	GlobalSection(SolutionConfigurationPlatforms) = preSolution
		Debug|x64 = Debug|x64
		Debug|x86 = Debug|x86
		Release|x64 = Release|x64
		Release|x86 = Release|x86
	EndGlobalSection
	GlobalSection(ProjectConfigurationPlatforms) = postSolution
		{6B44253B-D8EC-4F8D-87ED-73FEF7B31544}.Debug|x64.ActiveCfg = Debug|x64
		{6B44253B-D8EC-4F8D-87ED-73FEF7B31544}.Debug|x64.Build.0 = Debug|x64
		{6B44253B-D8EC-4F8D-87ED-73FEF7B31544}.Debug|x86.ActiveCfg = Debug|Win32
		{6B44253B-D8EC-4F8D-87ED-73FEF7B31544}.Debug|x86.Build.0 = Debug|Win32
		{6B44253B-D8EC-4F8D-87ED-73FEF7B31544}.Release|x64.ActiveCfg = Release|x64
		{6B44253B-D8EC-4F8D-87ED-73FEF7B31544}.Release|x64.Build.0 = Release|x64
		{6B44253B-D8EC-4F8D-87ED-73FEF7B31544}.Release|x86.ActiveCfg = Release|Win32
		{6B44253B-D8EC-4F8D-87ED-73FEF7B31544}.Release|x86.Build.0 = Release|Win32
	EndGlobalSection
	GlobalSection(SolutionProperties) = preSolution
		HideSolutionNode = FALSE
	EndGlobalSection
	GlobalSection(ExtensibilityGlobals) = postSolution
		SolutionGuid = {49E95902-90D4-4D3F-A7BC-C14F2976B0B8}
	EndGlobalSection
EndGlobal
